
Microsoft Visual Studio Solution File, Format Version 12.00
# Visual Studio 15
Project("{FAE04EC0-301F-11D3-BF4B-00C04F79EFBC}") = "Assembly-CSharp-firstpass", "Assembly-CSharp-firstpass.csproj", "{ED6123D4-2067-03D2-3C68-AE22D4A2D497}"
EndProject
Project("{FAE04EC0-301F-11D3-BF4B-00C04F79EFBC}") = "Assembly-CSharp", "Assembly-CSharp.csproj", "{7D5A49A8-CEC4-8965-61BB-B53B74C05BBB}"
EndProject
Project("{FAE04EC0-301F-11D3-BF4B-00C04F79EFBC}") = "Assembly-CSharp-Editor-firstpass", "Assembly-CSharp-Editor-firstpass.csproj", "{BF42E608-0345-6CC9-506D-27D66DE0FF23}"
EndProject
Global
	GlobalSection(SolutionConfigurationPlatforms) = preSolution
		Debug|Any CPU = Debug|Any CPU
		Release|Any CPU = Release|Any CPU
	EndGlobalSection
	GlobalSection(ProjectConfigurationPlatforms) = postSolution
		{ED6123D4-2067-03D2-3C68-AE22D4A2D497}.Debug|Any CPU.ActiveCfg = Debug|Any CPU
		{ED6123D4-2067-03D2-3C68-AE22D4A2D497}.Debug|Any CPU.Build.0 = Debug|Any CPU
		{ED6123D4-2067-03D2-3C68-AE22D4A2D497}.Release|Any CPU.ActiveCfg = Release|Any CPU
		{ED6123D4-2067-03D2-3C68-AE22D4A2D497}.Release|Any CPU.Build.0 = Release|Any CPU
		{7D5A49A8-CEC4-8965-61BB-B53B74C05BBB}.Debug|Any CPU.ActiveCfg = Debug|Any CPU
		{7D5A49A8-CEC4-8965-61BB-B53B74C05BBB}.Debug|Any CPU.Build.0 = Debug|Any CPU
		{7D5A49A8-CEC4-8965-61BB-B53B74C05BBB}.Release|Any CPU.ActiveCfg = Release|Any CPU
		{7D5A49A8-CEC4-8965-61BB-B53B74C05BBB}.Release|Any CPU.Build.0 = Release|Any CPU
		{BF42E608-0345-6CC9-506D-27D66DE0FF23}.Debug|Any CPU.ActiveCfg = Debug|Any CPU
		{BF42E608-0345-6CC9-506D-27D66DE0FF23}.Debug|Any CPU.Build.0 = Debug|Any CPU
		{BF42E608-0345-6CC9-506D-27D66DE0FF23}.Release|Any CPU.ActiveCfg = Release|Any CPU
		{BF42E608-0345-6CC9-506D-27D66DE0FF23}.Release|Any CPU.Build.0 = Release|Any CPU
	EndGlobalSection
	GlobalSection(SolutionProperties) = preSolution
		HideSolutionNode = FALSE
	EndGlobalSection
EndGlobal
